
Microsoft Visual Studio Solution File, Format Version 12.00
# Visual Studio 14
VisualStudioVersion = 14.0.25420.1
MinimumVisualStudioVersion = 10.0.40219.1
Project("{FAE04EC0-301F-11D3-BF4B-00C04F79EFBC}") = "UsingIndexer", "UsingIndexer\UsingIndexer.csproj", "{39A5095E-14C1-4137-A482-46C1A88F31D5}"
EndProject
Project("{FAE04EC0-301F-11D3-BF4B-00C04F79EFBC}") = "Testing", "Testing\Testing.csproj", "{8D90DD9F-EF68-4620-83FD-DFC73989C346}"
EndProject
Global
	GlobalSection(SolutionConfigurationPlatforms) = preSolution
		Debug|Any CPU = Debug|Any CPU
		Release|Any CPU = Release|Any CPU
	EndGlobalSection
	GlobalSection(ProjectConfigurationPlatforms) = postSolution
		{39A5095E-14C1-4137-A482-46C1A88F31D5}.Debug|Any CPU.ActiveCfg = Debug|Any CPU
		{39A5095E-14C1-4137-A482-46C1A88F31D5}.Debug|Any CPU.Build.0 = Debug|Any CPU
		{39A5095E-14C1-4137-A482-46C1A88F31D5}.Release|Any CPU.ActiveCfg = Release|Any CPU
		{39A5095E-14C1-4137-A482-46C1A88F31D5}.Release|Any CPU.Build.0 = Release|Any CPU
		{8D90DD9F-EF68-4620-83FD-DFC73989C346}.Debug|Any CPU.ActiveCfg = Debug|Any CPU
		{8D90DD9F-EF68-4620-83FD-DFC73989C346}.Debug|Any CPU.Build.0 = Debug|Any CPU
		{8D90DD9F-EF68-4620-83FD-DFC73989C346}.Release|Any CPU.ActiveCfg = Release|Any CPU
		{8D90DD9F-EF68-4620-83FD-DFC73989C346}.Release|Any CPU.Build.0 = Release|Any CPU
	EndGlobalSection
	GlobalSection(SolutionProperties) = preSolution
		HideSolutionNode = FALSE
	EndGlobalSection
EndGlobal
